{
    "name": "node-red-contrib-mpi-s7",
    "version": "1.0.0-beta.1",
    "lockfileVersion": 2,
    "requires": true,
    "packages": {
        "": {
            "name": "node-red-contrib-mpi-s7",
            "version": "1.0.0-beta.1",
            "license": "GPL-3.0-or-later",
            "dependencies": {
                "mpi-s7": "^0.4.0"
            }
        },
        "node_modules/@gfcittolin/usb": {
            "version": "1.8.0",
            "resolved": "https://registry.npmjs.org/@gfcittolin/usb/-/usb-1.8.0.tgz",
            "integrity": "sha512-FA5xVroaZMPclFimejLtnBQuejF/UKx0PSMsc+Btf3TN4ze1wvrLxq31gfxAClAHRX7+BvatpONmdWHn5QfPoA==",
            "hasInstallScript": true,
            "dependencies": {
                "node-addon-api": "^4.2.0",
                "node-gyp-build": "^4.3.0"
            },
            "engines": {
                "node": ">=10.16.0"
            }
        },
        "node_modules/mpi-s7": {
            "version": "0.4.0",
            "resolved": "https://registry.npmjs.org/mpi-s7/-/mpi-s7-0.4.0.tgz",
            "integrity": "sha512-30GGjzLrhLibVd9zGYhHPF5ebDI3DmBneOw1H9oLZTRCmVbwY15+1IB8yOKz9Pq1LsPpdPO+lmyXV3K50OFN/A==",
            "dependencies": {
                "@gfcittolin/usb": "^1.8.0"
            }
        },
        "node_modules/node-addon-api": {
            "version": "4.2.0",
            "resolved": "https://registry.npmjs.org/node-addon-api/-/node-addon-api-4.2.0.tgz",
            "integrity": "sha512-eazsqzwG2lskuzBqCGPi7Ac2UgOoMz8JVOXVhTvvPDYhthvNpefx8jWD8Np7Gv+2Sz0FlPWZk0nJV0z598Wn8Q=="
        },
        "node_modules/node-gyp-build": {
            "version": "4.3.0",
            "resolved": "https://registry.npmjs.org/node-gyp-build/-/node-gyp-build-4.3.0.tgz",
            "integrity": "sha512-iWjXZvmboq0ja1pUGULQBexmxq8CV4xBhX7VDOTbL7ZR4FOowwY/VOtRxBN/yKxmdGoIp4j5ysNT4u3S2pDQ3Q==",
            "bin": {
                "node-gyp-build": "bin.js",
                "node-gyp-build-optional": "optional.js",
                "node-gyp-build-test": "build-test.js"
            }
        }
    },
    "dependencies": {
        "@gfcittolin/usb": {
            "version": "1.8.0",
            "resolved": "https://registry.npmjs.org/@gfcittolin/usb/-/usb-1.8.0.tgz",
            "integrity": "sha512-FA5xVroaZMPclFimejLtnBQuejF/UKx0PSMsc+Btf3TN4ze1wvrLxq31gfxAClAHRX7+BvatpONmdWHn5QfPoA==",
            "requires": {
                "node-addon-api": "^4.2.0",
                "node-gyp-build": "^4.3.0"
            }
        },
        "mpi-s7": {
            "version": "0.4.0",
            "resolved": "https://registry.npmjs.org/mpi-s7/-/mpi-s7-0.4.0.tgz",
            "integrity": "sha512-30GGjzLrhLibVd9zGYhHPF5ebDI3DmBneOw1H9oLZTRCmVbwY15+1IB8yOKz9Pq1LsPpdPO+lmyXV3K50OFN/A==",
            "requires": {
                "@gfcittolin/usb": "^1.8.0"
            }
        },
        "node-addon-api": {
            "version": "4.2.0",
            "resolved": "https://registry.npmjs.org/node-addon-api/-/node-addon-api-4.2.0.tgz",
            "integrity": "sha512-eazsqzwG2lskuzBqCGPi7Ac2UgOoMz8JVOXVhTvvPDYhthvNpefx8jWD8Np7Gv+2Sz0FlPWZk0nJV0z598Wn8Q=="
        },
        "node-gyp-build": {
            "version": "4.3.0",
            "resolved": "https://registry.npmjs.org/node-gyp-build/-/node-gyp-build-4.3.0.tgz",
            "integrity": "sha512-iWjXZvmboq0ja1pUGULQBexmxq8CV4xBhX7VDOTbL7ZR4FOowwY/VOtRxBN/yKxmdGoIp4j5ysNT4u3S2pDQ3Q=="
        }
    }
}
