{
    "name": "node-red-contrib-mpi-s7",
    "version": "1.0.0-beta.4",
    "lockfileVersion": 2,
    "requires": true,
    "packages": {
        "": {
            "name": "node-red-contrib-mpi-s7",
            "version": "1.0.0-beta.4",
            "license": "GPL-3.0-or-later",
            "dependencies": {
                "@protocols/mpi-s7": "*"
            },
            "optionalDependencies": {
                "@protocols/mpi-s7": "^1.0.0"
            }
        },
        "node_modules/@protocols/mpi-s7": {
            "version": "1.0.0",
            "resolved": "https://gitlab.st-one.io/api/v4/projects/111/packages/npm/@protocols/mpi-s7/-/@protocols/mpi-s7-1.0.0.tgz",
            "integrity": "sha1-sW2VPA9+37qygUI0uyrr+Kiv1PE=",
            "optional": true,
            "dependencies": {
                "easy-crc": "^1.0.0",
                "usb": "^2.1.3"
            }
        },
        "node_modules/@types/w3c-web-usb": {
            "version": "1.0.6",
            "resolved": "https://registry.npmjs.org/@types/w3c-web-usb/-/w3c-web-usb-1.0.6.tgz",
            "integrity": "sha512-cSjhgrr8g4KbPnnijAr/KJDNKa/bBa+ixYkywFRvrhvi9n1WEl7yYbtRyzE6jqNQiSxxJxoAW3STaOQwJHndaw==",
            "optional": true
        },
        "node_modules/easy-crc": {
            "version": "1.1.0",
            "resolved": "https://registry.npmjs.org/easy-crc/-/easy-crc-1.1.0.tgz",
            "integrity": "sha512-cvtERLTu8mYt1pOVVekJ4E0VdwyuKgL+VAfE3LY+Lw762i9M1bSEikm6fyGD2grxOdBfI0HgOmSi3HQneKr33A==",
            "optional": true
        },
        "node_modules/node-addon-api": {
            "version": "6.1.0",
            "resolved": "https://registry.npmjs.org/node-addon-api/-/node-addon-api-6.1.0.tgz",
            "integrity": "sha512-+eawOlIgy680F0kBzPUNFhMZGtJ1YmqM6l4+Crf4IkImjYrO/mqPwRMh352g23uIaQKFItcQ64I7KMaJxHgAVA==",
            "optional": true
        },
        "node_modules/node-gyp-build": {
            "version": "4.6.0",
            "resolved": "https://registry.npmjs.org/node-gyp-build/-/node-gyp-build-4.6.0.tgz",
            "integrity": "sha512-NTZVKn9IylLwUzaKjkas1e4u2DLNcV4rdYagA4PWdPwW87Bi7z+BznyKSRwS/761tV/lzCGXplWsiaMjLqP2zQ==",
            "optional": true,
            "bin": {
                "node-gyp-build": "bin.js",
                "node-gyp-build-optional": "optional.js",
                "node-gyp-build-test": "build-test.js"
            }
        },
        "node_modules/usb": {
            "version": "2.9.0",
            "resolved": "https://registry.npmjs.org/usb/-/usb-2.9.0.tgz",
            "integrity": "sha512-G0I/fPgfHUzWH8xo2KkDxTTFruUWfppgSFJ+bQxz/kVY2x15EQ/XDB7dqD1G432G4gBG4jYQuF3U7j/orSs5nw==",
            "hasInstallScript": true,
            "optional": true,
            "dependencies": {
                "@types/w3c-web-usb": "^1.0.6",
                "node-addon-api": "^6.0.0",
                "node-gyp-build": "^4.5.0"
            },
            "engines": {
                "node": ">=10.20.0 <11.x || >=12.17.0 <13.0 || >=14.0.0"
            }
        }
    },
    "dependencies": {
        "@protocols/mpi-s7": {
            "version": "1.0.0",
            "resolved": "https://gitlab.st-one.io/api/v4/projects/111/packages/npm/@protocols/mpi-s7/-/@protocols/mpi-s7-1.0.0.tgz",
            "integrity": "sha1-sW2VPA9+37qygUI0uyrr+Kiv1PE=",
            "optional": true,
            "requires": {
                "easy-crc": "^1.0.0",
                "usb": "^2.1.3"
            }
        },
        "@types/w3c-web-usb": {
            "version": "1.0.6",
            "resolved": "https://registry.npmjs.org/@types/w3c-web-usb/-/w3c-web-usb-1.0.6.tgz",
            "integrity": "sha512-cSjhgrr8g4KbPnnijAr/KJDNKa/bBa+ixYkywFRvrhvi9n1WEl7yYbtRyzE6jqNQiSxxJxoAW3STaOQwJHndaw==",
            "optional": true
        },
        "easy-crc": {
            "version": "1.1.0",
            "resolved": "https://registry.npmjs.org/easy-crc/-/easy-crc-1.1.0.tgz",
            "integrity": "sha512-cvtERLTu8mYt1pOVVekJ4E0VdwyuKgL+VAfE3LY+Lw762i9M1bSEikm6fyGD2grxOdBfI0HgOmSi3HQneKr33A==",
            "optional": true
        },
        "node-addon-api": {
            "version": "6.1.0",
            "resolved": "https://registry.npmjs.org/node-addon-api/-/node-addon-api-6.1.0.tgz",
            "integrity": "sha512-+eawOlIgy680F0kBzPUNFhMZGtJ1YmqM6l4+Crf4IkImjYrO/mqPwRMh352g23uIaQKFItcQ64I7KMaJxHgAVA==",
            "optional": true
        },
        "node-gyp-build": {
            "version": "4.6.0",
            "resolved": "https://registry.npmjs.org/node-gyp-build/-/node-gyp-build-4.6.0.tgz",
            "integrity": "sha512-NTZVKn9IylLwUzaKjkas1e4u2DLNcV4rdYagA4PWdPwW87Bi7z+BznyKSRwS/761tV/lzCGXplWsiaMjLqP2zQ==",
            "optional": true
        },
        "usb": {
            "version": "2.9.0",
            "resolved": "https://registry.npmjs.org/usb/-/usb-2.9.0.tgz",
            "integrity": "sha512-G0I/fPgfHUzWH8xo2KkDxTTFruUWfppgSFJ+bQxz/kVY2x15EQ/XDB7dqD1G432G4gBG4jYQuF3U7j/orSs5nw==",
            "optional": true,
            "requires": {
                "@types/w3c-web-usb": "^1.0.6",
                "node-addon-api": "^6.0.0",
                "node-gyp-build": "^4.5.0"
            }
        }
    }
}
